
Microsoft Visual Studio Solution File, Format Version 12.00
# Visual Studio Version 17
VisualStudioVersion = 17.14.36811.4 d17.14
MinimumVisualStudioVersion = 10.0.40219.1
Project("{FAE04EC0-301F-11D3-BF4B-00C04F79EFBC}") = "JournalApp", "MyJornal\JournalApp.csproj", "{34F3AF5A-7392-472B-B3BB-583BF4C731B4}"
EndProject
Global
	GlobalSection(SolutionConfigurationPlatforms) = preSolution
		Debug|Any CPU = Debug|Any CPU
		Release|Any CPU = Release|Any CPU
	EndGlobalSection
	GlobalSection(ProjectConfigurationPlatforms) = postSolution
		{34F3AF5A-7392-472B-B3BB-583BF4C731B4}.Debug|Any CPU.ActiveCfg = Debug|Any CPU
		{34F3AF5A-7392-472B-B3BB-583BF4C731B4}.Debug|Any CPU.Build.0 = Debug|Any CPU
		{34F3AF5A-7392-472B-B3BB-583BF4C731B4}.Release|Any CPU.ActiveCfg = Release|Any CPU
		{34F3AF5A-7392-472B-B3BB-583BF4C731B4}.Release|Any CPU.Build.0 = Release|Any CPU
	EndGlobalSection
	GlobalSection(SolutionProperties) = preSolution
		HideSolutionNode = FALSE
	EndGlobalSection
	GlobalSection(ExtensibilityGlobals) = postSolution
		SolutionGuid = {660C934A-DC95-4EB9-95F2-46073E32E1F1}
	EndGlobalSection
EndGlobal
